
Microsoft Visual Studio Solution File, Format Version 12.00
# Visual Studio 15
VisualStudioVersion = 15.0.28307.1705
MinimumVisualStudioVersion = 10.0.40219.1
Project("{FAE04EC0-301F-11D3-BF4B-00C04F79EFBC}") = "E-Shop.Web", "E-Shop.Web\E-Shop.Web.csproj", "{3573B76B-F382-4C06-A04A-58034EE88E3F}"
EndProject
Project("{FAE04EC0-301F-11D3-BF4B-00C04F79EFBC}") = "E-Shop.Entities", "E-Shop.Entities\E-Shop.Entities.csproj", "{B71A7119-CC51-47C9-BCCB-71958271E0F2}"
EndProject
Project("{FAE04EC0-301F-11D3-BF4B-00C04F79EFBC}") = "E-Shop.Database", "E-Shop.Database\E-Shop.Database.csproj", "{844A4B76-23E7-49D9-AE1F-57DEF80C486D}"
EndProject
Project("{FAE04EC0-301F-11D3-BF4B-00C04F79EFBC}") = "E-Shop.Services", "E-Shop.Services\E-Shop.Services.csproj", "{07FBCE26-7819-4A90-897E-110A4F67BFE7}"
EndProject
Global
	GlobalSection(SolutionConfigurationPlatforms) = preSolution
		Debug|Any CPU = Debug|Any CPU
		Release|Any CPU = Release|Any CPU
	EndGlobalSection
	GlobalSection(ProjectConfigurationPlatforms) = postSolution
		{3573B76B-F382-4C06-A04A-58034EE88E3F}.Debug|Any CPU.ActiveCfg = Debug|Any CPU
		{3573B76B-F382-4C06-A04A-58034EE88E3F}.Debug|Any CPU.Build.0 = Debug|Any CPU
		{3573B76B-F382-4C06-A04A-58034EE88E3F}.Release|Any CPU.ActiveCfg = Release|Any CPU
		{3573B76B-F382-4C06-A04A-58034EE88E3F}.Release|Any CPU.Build.0 = Release|Any CPU
		{B71A7119-CC51-47C9-BCCB-71958271E0F2}.Debug|Any CPU.ActiveCfg = Debug|Any CPU
		{B71A7119-CC51-47C9-BCCB-71958271E0F2}.Debug|Any CPU.Build.0 = Debug|Any CPU
		{B71A7119-CC51-47C9-BCCB-71958271E0F2}.Release|Any CPU.ActiveCfg = Release|Any CPU
		{B71A7119-CC51-47C9-BCCB-71958271E0F2}.Release|Any CPU.Build.0 = Release|Any CPU
		{844A4B76-23E7-49D9-AE1F-57DEF80C486D}.Debug|Any CPU.ActiveCfg = Debug|Any CPU
		{844A4B76-23E7-49D9-AE1F-57DEF80C486D}.Debug|Any CPU.Build.0 = Debug|Any CPU
		{844A4B76-23E7-49D9-AE1F-57DEF80C486D}.Release|Any CPU.ActiveCfg = Release|Any CPU
		{844A4B76-23E7-49D9-AE1F-57DEF80C486D}.Release|Any CPU.Build.0 = Release|Any CPU
		{07FBCE26-7819-4A90-897E-110A4F67BFE7}.Debug|Any CPU.ActiveCfg = Debug|Any CPU
		{07FBCE26-7819-4A90-897E-110A4F67BFE7}.Debug|Any CPU.Build.0 = Debug|Any CPU
		{07FBCE26-7819-4A90-897E-110A4F67BFE7}.Release|Any CPU.ActiveCfg = Release|Any CPU
		{07FBCE26-7819-4A90-897E-110A4F67BFE7}.Release|Any CPU.Build.0 = Release|Any CPU
	EndGlobalSection
	GlobalSection(SolutionProperties) = preSolution
		HideSolutionNode = FALSE
	EndGlobalSection
	GlobalSection(ExtensibilityGlobals) = postSolution
		SolutionGuid = {13593A8C-A0C2-41F1-B04D-737803D22787}
	EndGlobalSection
EndGlobal
